// !$*UTF8*$!
{
	archiveVersion = 1;
	classes = {
	};
	objectVersion = 50;
	objects = {

/* Begin PBXBuildFile section */
		9C9483C5219B35B100A32806 /* Player.swift in Sources */ = {isa = PBXBuildFile; fileRef = 9C9483C4219B35B100A32806 /* Player.swift */; };
		9CF9C764219AF734004EC890 /* AppDelegate.swift in Sources */ = {isa = PBXBuildFile; fileRef = 9CF9C763219AF734004EC890 /* AppDelegate.swift */; };
		9CF9C766219AF734004EC890 /* WelcomeVC.swift in Sources */ = {isa = PBXBuildFile; fileRef = 9CF9C765219AF734004EC890 /* WelcomeVC.swift */; };
		9CF9C769219AF735004EC890 /* Main.storyboard in Resources */ = {isa = PBXBuildFile; fileRef = 9CF9C767219AF735004EC890 /* Main.storyboard */; };
		9CF9C76B219AF736004EC890 /* Assets.xcassets in Resources */ = {isa = PBXBuildFile; fileRef = 9CF9C76A219AF736004EC890 /* Assets.xcassets */; };
		9CF9C76E219AF736004EC890 /* LaunchScreen.storyboard in Resources */ = {isa = PBXBuildFile; fileRef = 9CF9C76C219AF736004EC890 /* LaunchScreen.storyboard */; };
		9CF9C779219AFBC7004EC890 /* BorderButton.swift in Sources */ = {isa = PBXBuildFile; fileRef = 9CF9C778219AFBC7004EC890 /* BorderButton.swift */; };
		9CF9C77B219B1A4C004EC890 /* SkillVC.swift in Sources */ = {isa = PBXBuildFile; fileRef = 9CF9C77A219B1A4C004EC890 /* SkillVC.swift */; };
		9CF9C77D219B1A71004EC890 /* LeagueVC.swift in Sources */ = {isa = PBXBuildFile; fileRef = 9CF9C77C219B1A71004EC890 /* LeagueVC.swift */; };
/* End PBXBuildFile section */

/* Begin PBXFileReference section */
		9C9483C4219B35B100A32806 /* Player.swift */ = {isa = PBXFileReference; lastKnownFileType = sourcecode.swift; path = Player.swift; sourceTree = "<group>"; };
		9CF9C760219AF734004EC890 /* app-swoosh.app */ = {isa = PBXFileReference; explicitFileType = wrapper.application; includeInIndex = 0; path = "app-swoosh.app"; sourceTree = BUILT_PRODUCTS_DIR; };
		9CF9C763219AF734004EC890 /* AppDelegate.swift */ = {isa = PBXFileReference; lastKnownFileType = sourcecode.swift; path = AppDelegate.swift; sourceTree = "<group>"; };
		9CF9C765219AF734004EC890 /* WelcomeVC.swift */ = {isa = PBXFileReference; lastKnownFileType = sourcecode.swift; path = WelcomeVC.swift; sourceTree = "<group>"; };
		9CF9C768219AF735004EC890 /* Base */ = {isa = PBXFileReference; lastKnownFileType = file.storyboard; name = Base; path = Base.lproj/Main.storyboard; sourceTree = "<group>"; };
		9CF9C76A219AF736004EC890 /* Assets.xcassets */ = {isa = PBXFileReference; lastKnownFileType = folder.assetcatalog; path = Assets.xcassets; sourceTree = "<group>"; };
		9CF9C76D219AF736004EC890 /* Base */ = {isa = PBXFileReference; lastKnownFileType = file.storyboard; name = Base; path = Base.lproj/LaunchScreen.storyboard; sourceTree = "<group>"; };
		9CF9C76F219AF736004EC890 /* Info.plist */ = {isa = PBXFileReference; lastKnownFileType = text.plist.xml; path = Info.plist; sourceTree = "<group>"; };
		9CF9C778219AFBC7004EC890 /* BorderButton.swift */ = {isa = PBXFileReference; lastKnownFileType = sourcecode.swift; path = BorderButton.swift; sourceTree = "<group>"; };
		9CF9C77A219B1A4C004EC890 /* SkillVC.swift */ = {isa = PBXFileReference; lastKnownFileType = sourcecode.swift; path = SkillVC.swift; sourceTree = "<group>"; };
		9CF9C77C219B1A71004EC890 /* LeagueVC.swift */ = {isa = PBXFileReference; lastKnownFileType = sourcecode.swift; path = LeagueVC.swift; sourceTree = "<group>"; };
/* End PBXFileReference section */

/* Begin PBXFrameworksBuildPhase section */
		9CF9C75D219AF734004EC890 /* Frameworks */ = {
			isa = PBXFrameworksBuildPhase;
			buildActionMask = 2147483647;
			files = (
			);
			runOnlyForDeploymentPostprocessing = 0;
		};
/* End PBXFrameworksBuildPhase section */

/* Begin PBXGroup section */
		9CF9C757219AF734004EC890 = {
			isa = PBXGroup;
			children = (
				9CF9C762219AF734004EC890 /* app-swoosh */,
				9CF9C761219AF734004EC890 /* Products */,
			);
			sourceTree = "<group>";
		};
		9CF9C761219AF734004EC890 /* Products */ = {
			isa = PBXGroup;
			children = (
				9CF9C760219AF734004EC890 /* app-swoosh.app */,
			);
			name = Products;
			sourceTree = "<group>";
		};
		9CF9C762219AF734004EC890 /* app-swoosh */ = {
			isa = PBXGroup;
			children = (
				9CF9C776219AFB71004EC890 /* Models */,
				9CF9C775219AFB61004EC890 /* Views */,
				9CF9C777219AFB7F004EC890 /* Controllers */,
				9CF9C763219AF734004EC890 /* AppDelegate.swift */,
				9CF9C767219AF735004EC890 /* Main.storyboard */,
				9CF9C76A219AF736004EC890 /* Assets.xcassets */,
				9CF9C76C219AF736004EC890 /* LaunchScreen.storyboard */,
				9CF9C76F219AF736004EC890 /* Info.plist */,
			);
			path = "app-swoosh";
			sourceTree = "<group>";
		};
		9CF9C775219AFB61004EC890 /* Views */ = {
			isa = PBXGroup;
			children = (
				9CF9C778219AFBC7004EC890 /* BorderButton.swift */,
			);
			path = Views;
			sourceTree = "<group>";
		};
		9CF9C776219AFB71004EC890 /* Models */ = {
			isa = PBXGroup;
			children = (
				9C9483C4219B35B100A32806 /* Player.swift */,
			);
			path = Models;
			sourceTree = "<group>";
		};
		9CF9C777219AFB7F004EC890 /* Controllers */ = {
			isa = PBXGroup;
			children = (
				9CF9C765219AF734004EC890 /* WelcomeVC.swift */,
				9CF9C77A219B1A4C004EC890 /* SkillVC.swift */,
				9CF9C77C219B1A71004EC890 /* LeagueVC.swift */,
			);
			path = Controllers;
			sourceTree = "<group>";
		};
/* End PBXGroup section */

/* Begin PBXNativeTarget section */
		9CF9C75F219AF734004EC890 /* app-swoosh */ = {
			isa = PBXNativeTarget;
			buildConfigurationList = 9CF9C772219AF736004EC890 /* Build configuration list for PBXNativeTarget "app-swoosh" */;
			buildPhases = (
				9CF9C75C219AF734004EC890 /* Sources */,
				9CF9C75D219AF734004EC890 /* Frameworks */,
				9CF9C75E219AF734004EC890 /* Resources */,
			);
			buildRules = (
			);
			dependencies = (
			);
			name = "app-swoosh";
			productName = "app-swoosh";
			productReference = 9CF9C760219AF734004EC890 /* app-swoosh.app */;
			productType = "com.apple.product-type.application";
		};
/* End PBXNativeTarget section */

/* Begin PBXProject section */
		9CF9C758219AF734004EC890 /* Project object */ = {
			isa = PBXProject;
			attributes = {
				LastSwiftUpdateCheck = 1010;
				LastUpgradeCheck = 1010;
				ORGANIZATIONNAME = "Aron van Groningen";
				TargetAttributes = {
					9CF9C75F219AF734004EC890 = {
						CreatedOnToolsVersion = 10.1;
					};
				};
			};
			buildConfigurationList = 9CF9C75B219AF734004EC890 /* Build configuration list for PBXProject "app-swoosh" */;
			compatibilityVersion = "Xcode 9.3";
			developmentRegion = en;
			hasScannedForEncodings = 0;
			knownRegions = (
				en,
				Base,
			);
			mainGroup = 9CF9C757219AF734004EC890;
			productRefGroup = 9CF9C761219AF734004EC890 /* Products */;
			projectDirPath = "";
			projectRoot = "";
			targets = (
				9CF9C75F219AF734004EC890 /* app-swoosh */,
			);
		};
/* End PBXProject section */

/* Begin PBXResourcesBuildPhase section */
		9CF9C75E219AF734004EC890 /* Resources */ = {
			isa = PBXResourcesBuildPhase;
			buildActionMask = 2147483647;
			files = (
				9CF9C76E219AF736004EC890 /* LaunchScreen.storyboard in Resources */,
				9CF9C76B219AF736004EC890 /* Assets.xcassets in Resources */,
				9CF9C769219AF735004EC890 /* Main.storyboard in Resources */,
			);
			runOnlyForDeploymentPostprocessing = 0;
		};
/* End PBXResourcesBuildPhase section */

/* Begin PBXSourcesBuildPhase section */
		9CF9C75C219AF734004EC890 /* Sources */ = {
			isa = PBXSourcesBuildPhase;
			buildActionMask = 2147483647;
			files = (
				9CF9C77D219B1A71004EC890 /* LeagueVC.swift in Sources */,
				9CF9C77B219B1A4C004EC890 /* SkillVC.swift in Sources */,
				9CF9C766219AF734004EC890 /* WelcomeVC.swift in Sources */,
				9CF9C764219AF734004EC890 /* AppDelegate.swift in Sources */,
				9C9483C5219B35B100A32806 /* Player.swift in Sources */,
				9CF9C779219AFBC7004EC890 /* BorderButton.swift in Sources */,
			);
			runOnlyForDeploymentPostprocessing = 0;
		};
/* End PBXSourcesBuildPhase section */

/* Begin PBXVariantGroup section */
		9CF9C767219AF735004EC890 /* Main.storyboard */ = {
			isa = PBXVariantGroup;
			children = (
				9CF9C768219AF735004EC890 /* Base */,
			);
			name = Main.storyboard;
			sourceTree = "<group>";
		};
		9CF9C76C219AF736004EC890 /* LaunchScreen.storyboard */ = {
			isa = PBXVariantGroup;
			children = (
				9CF9C76D219AF736004EC890 /* Base */,
			);
			name = LaunchScreen.storyboard;
			sourceTree = "<group>";
		};
/* End PBXVariantGroup section */

/* Begin XCBuildConfiguration section */
		9CF9C770219AF736004EC890 /* Debug */ = {
			isa = XCBuildConfiguration;
			buildSettings = {
				ALWAYS_SEARCH_USER_PATHS = NO;
				CLANG_ANALYZER_NONNULL = YES;
				CLANG_ANALYZER_NUMBER_OBJECT_CONVERSION = YES_AGGRESSIVE;
				CLANG_CXX_LANGUAGE_STANDARD = "gnu++14";
				CLANG_CXX_LIBRARY = "libc++";
				CLANG_ENABLE_MODULES = YES;
				CLANG_ENABLE_OBJC_ARC = YES;
				CLANG_ENABLE_OBJC_WEAK = YES;
				CLANG_WARN_BLOCK_CAPTURE_AUTORELEASING = YES;
				CLANG_WARN_BOOL_CONVERSION = YES;
				CLANG_WARN_COMMA = YES;
				CLANG_WARN_CONSTANT_CONVERSION = YES;
				CLANG_WARN_DEPRECATED_OBJC_IMPLEMENTATIONS = YES;
				CLANG_WARN_DIRECT_OBJC_ISA_USAGE = YES_ERROR;
				CLANG_WARN_DOCUMENTATION_COMMENTS = YES;
				CLANG_WARN_EMPTY_BODY = YES;
				CLANG_WARN_ENUM_CONVERSION = YES;
				CLANG_WARN_INFINITE_RECURSION = YES;
				CLANG_WARN_INT_CONVERSION = YES;
				CLANG_WARN_NON_LITERAL_NULL_CONVERSION = YES;
				CLANG_WARN_OBJC_IMPLICIT_RETAIN_SELF = YES;
				CLANG_WARN_OBJC_LITERAL_CONVERSION = YES;
				CLANG_WARN_OBJC_ROOT_CLASS = YES_ERROR;
				CLANG_WARN_RANGE_LOOP_ANALYSIS = YES;
				CLANG_WARN_STRICT_PROTOTYPES = YES;
				CLANG_WARN_SUSPICIOUS_MOVE = YES;
				CLANG_WARN_UNGUARDED_AVAILABILITY = YES_AGGRESSIVE;
				CLANG_WARN_UNREACHABLE_CODE = YES;
				CLANG_WARN__DUPLICATE_METHOD_MATCH = YES;
				CODE_SIGN_IDENTITY = "iPhone Developer";
				COPY_PHASE_STRIP = NO;
				DEBUG_INFORMATION_FORMAT = dwarf;
				ENABLE_STRICT_OBJC_MSGSEND = YES;
				ENABLE_TESTABILITY = YES;
				GCC_C_LANGUAGE_STANDARD = gnu11;
				GCC_DYNAMIC_NO_PIC = NO;
				GCC_NO_COMMON_BLOCKS = YES;
				GCC_OPTIMIZATION_LEVEL = 0;
				GCC_PREPROCESSOR_DEFINITIONS = (
					"DEBUG=1",
					"$(inherited)",
				);
				GCC_WARN_64_TO_32_BIT_CONVERSION = YES;
				GCC_WARN_ABOUT_RETURN_TYPE = YES_ERROR;
				GCC_WARN_UNDECLARED_SELECTOR = YES;
				GCC_WARN_UNINITIALIZED_AUTOS = YES_AGGRESSIVE;
				GCC_WARN_UNUSED_FUNCTION = YES;
				GCC_WARN_UNUSED_VARIABLE = YES;
				IPHONEOS_DEPLOYMENT_TARGET = 12.1;
				MTL_ENABLE_DEBUG_INFO = INCLUDE_SOURCE;
				MTL_FAST_MATH = YES;
				ONLY_ACTIVE_ARCH = YES;
				SDKROOT = iphoneos;
				SWIFT_ACTIVE_COMPILATION_CONDITIONS = DEBUG;
				SWIFT_OPTIMIZATION_LEVEL = "-Onone";
			};
			name = Debug;
		};
		9CF9C771219AF736004EC890 /* Release */ = {
			isa = XCBuildConfiguration;
			buildSettings = {
				ALWAYS_SEARCH_USER_PATHS = NO;
				CLANG_ANALYZER_NONNULL = YES;
				CLANG_ANALYZER_NUMBER_OBJECT_CONVERSION = YES_AGGRESSIVE;
				CLANG_CXX_LANGUAGE_STANDARD = "gnu++14";
				CLANG_CXX_LIBRARY = "libc++";
				CLANG_ENABLE_MODULES = YES;
				CLANG_ENABLE_OBJC_ARC = YES;
				CLANG_ENABLE_OBJC_WEAK = YES;
				CLANG_WARN_BLOCK_CAPTURE_AUTORELEASING = YES;
				CLANG_WARN_BOOL_CONVERSION = YES;
				CLANG_WARN_COMMA = YES;
				CLANG_WARN_CONSTANT_CONVERSION = YES;
				CLANG_WARN_DEPRECATED_OBJC_IMPLEMENTATIONS = YES;
				CLANG_WARN_DIRECT_OBJC_ISA_USAGE = YES_ERROR;
				CLANG_WARN_DOCUMENTATION_COMMENTS = YES;
				CLANG_WARN_EMPTY_BODY = YES;
				CLANG_WARN_ENUM_CONVERSION = YES;
				CLANG_WARN_INFINITE_RECURSION = YES;
				CLANG_WARN_INT_CONVERSION = YES;
				CLANG_WARN_NON_LITERAL_NULL_CONVERSION = YES;
				CLANG_WARN_OBJC_IMPLICIT_RETAIN_SELF = YES;
				CLANG_WARN_OBJC_LITERAL_CONVERSION = YES;
				CLANG_WARN_OBJC_ROOT_CLASS = YES_ERROR;
				CLANG_WARN_RANGE_LOOP_ANALYSIS = YES;
				CLANG_WARN_STRICT_PROTOTYPES = YES;
				CLANG_WARN_SUSPICIOUS_MOVE = YES;
				CLANG_WARN_UNGUARDED_AVAILABILITY = YES_AGGRESSIVE;
				CLANG_WARN_UNREACHABLE_CODE = YES;
				CLANG_WARN__DUPLICATE_METHOD_MATCH = YES;
				CODE_SIGN_IDENTITY = "iPhone Developer";
				COPY_PHASE_STRIP = NO;
				DEBUG_INFORMATION_FORMAT = "dwarf-with-dsym";
				ENABLE_NS_ASSERTIONS = NO;
				ENABLE_STRICT_OBJC_MSGSEND = YES;
				GCC_C_LANGUAGE_STANDARD = gnu11;
				GCC_NO_COMMON_BLOCKS = YES;
				GCC_WARN_64_TO_32_BIT_CONVERSION = YES;
				GCC_WARN_ABOUT_RETURN_TYPE = YES_ERROR;
				GCC_WARN_UNDECLARED_SELECTOR = YES;
				GCC_WARN_UNINITIALIZED_AUTOS = YES_AGGRESSIVE;
				GCC_WARN_UNUSED_FUNCTION = YES;
				GCC_WARN_UNUSED_VARIABLE = YES;
				IPHONEOS_DEPLOYMENT_TARGET = 12.1;
				MTL_ENABLE_DEBUG_INFO = NO;
				MTL_FAST_MATH = YES;
				SDKROOT = iphoneos;
				SWIFT_COMPILATION_MODE = wholemodule;
				SWIFT_OPTIMIZATION_LEVEL = "-O";
				VALIDATE_PRODUCT = YES;
			};
			name = Release;
		};
		9CF9C773219AF736004EC890 /* Debug */ = {
			isa = XCBuildConfiguration;
			buildSettings = {
				ASSETCATALOG_COMPILER_APPICON_NAME = AppIcon;
				CODE_SIGN_STYLE = Automatic;
				INFOPLIST_FILE = "app-swoosh/Info.plist";
				LD_RUNPATH_SEARCH_PATHS = (
					"$(inherited)",
					"@executable_path/Frameworks",
				);
				PRODUCT_BUNDLE_IDENTIFIER = "AVG-Apps.app-swoosh";
				PRODUCT_NAME = "$(TARGET_NAME)";
				SWIFT_VERSION = 4.2;
				TARGETED_DEVICE_FAMILY = "1,2";
			};
			name = Debug;
		};
		9CF9C774219AF736004EC890 /* Release */ = {
			isa = XCBuildConfiguration;
			buildSettings = {
				ASSETCATALOG_COMPILER_APPICON_NAME = AppIcon;
				CODE_SIGN_STYLE = Automatic;
				INFOPLIST_FILE = "app-swoosh/Info.plist";
				LD_RUNPATH_SEARCH_PATHS = (
					"$(inherited)",
					"@executable_path/Frameworks",
				);
				PRODUCT_BUNDLE_IDENTIFIER = "AVG-Apps.app-swoosh";
				PRODUCT_NAME = "$(TARGET_NAME)";
				SWIFT_VERSION = 4.2;
				TARGETED_DEVICE_FAMILY = "1,2";
			};
			name = Release;
		};
/* End XCBuildConfiguration section */

/* Begin XCConfigurationList section */
		9CF9C75B219AF734004EC890 /* Build configuration list for PBXProject "app-swoosh" */ = {
			isa = XCConfigurationList;
			buildConfigurations = (
				9CF9C770219AF736004EC890 /* Debug */,
				9CF9C771219AF736004EC890 /* Release */,
			);
			defaultConfigurationIsVisible = 0;
			defaultConfigurationName = Release;
		};
		9CF9C772219AF736004EC890 /* Build configuration list for PBXNativeTarget "app-swoosh" */ = {
			isa = XCConfigurationList;
			buildConfigurations = (
				9CF9C773219AF736004EC890 /* Debug */,
				9CF9C774219AF736004EC890 /* Release */,
			);
			defaultConfigurationIsVisible = 0;
			defaultConfigurationName = Release;
		};
/* End XCConfigurationList section */
	};
	rootObject = 9CF9C758219AF734004EC890 /* Project object */;
}
